dependencies:
  espressif/cmake_utilities:
    dependencies: []
    source:
      path: ../../../managed_components/espressif__cmake_utilities
      type: local
    version: 0.5.3
  espressif/dl_fft:
    dependencies: []
    source:
      path: ../../../managed_components/espressif__dl_fft
      type: local
    version: 0.4.0
  espressif/eppp_link:
    dependencies: []
    source:
      path: ../../../managed_components/espressif__eppp_link
      type: local
    version: 1.1.5
  espressif/esp-dsp:
    dependencies: []
    source:
      path: ../../../managed_components/espressif__esp-dsp
      type: local
    version: 1.8.0
  espressif/esp_hosted:
    dependencies: []
    source:
      path: ../../../managed_components/espressif__esp_hosted
      type: local
    version: 2.12.8
  espressif/esp_new_jpeg:
    dependencies: []
    source:
      path: ../../../managed_components/espressif__esp_new_jpeg
      type: local
    version: 1.0.1
  espressif/esp_sccb_intf:
    dependencies: []
    source:
      path: ../../../managed_components/espressif__esp_sccb_intf
      type: local
    version: 0.0.8
  espressif/esp_serial_slave_link:
    dependencies: []
    source:
      path: ../../../managed_components/espressif__esp_serial_slave_link
      type: local
    version: 1.1.2
  espressif/wifi_remote_over_eppp:
    dependencies: []
    source:
      path: ../../../managed_components/espressif__wifi_remote_over_eppp
      type: local
    version: 0.3.2
  idf:
    source:
      type: idf
    version: 6.0.1
direct_dependencies:
- espressif/cmake_utilities
- espressif/dl_fft
- espressif/eppp_link
- espressif/esp-dsp
- espressif/esp_hosted
- espressif/esp_new_jpeg
- espressif/esp_sccb_intf
- espressif/esp_serial_slave_link
- espressif/wifi_remote_over_eppp
- idf
manifest_hash: a7e2534f726ddc579a64d38d8e1595fa2552a3ced813b03c80115e8d1161a342
target: esp32p4
version: 3.0.0
