dependencies:
  espressif/cmake_utilities:
    dependencies: []
    source:
      path: ../../../managed_components/espressif__cmake_utilities
      type: local
    version: 0.5.3
  espressif/eppp_link:
    dependencies: []
    source:
      path: ../../../managed_components/espressif__eppp_link
      type: local
    version: 1.1.5
  espressif/esp_hosted:
    dependencies: []
    source:
      path: ../../../managed_components/espressif__esp_hosted
      type: local
    version: 2.12.8
  espressif/esp_sccb_intf:
    dependencies: []
    source:
      path: ../../../managed_components/espressif__esp_sccb_intf
      type: local
    version: 0.0.8
  espressif/esp_serial_slave_link:
    dependencies: []
    source:
      path: ../../../managed_components/espressif__esp_serial_slave_link
      type: local
    version: 1.1.2
  espressif/wifi_remote_over_eppp:
    dependencies: []
    source:
      path: ../../../managed_components/espressif__wifi_remote_over_eppp
      type: local
    version: 0.3.2
  idf:
    source:
      type: idf
    version: 6.0.1
direct_dependencies:
- espressif/cmake_utilities
- espressif/eppp_link
- espressif/esp_hosted
- espressif/esp_sccb_intf
- espressif/esp_serial_slave_link
- espressif/wifi_remote_over_eppp
- idf
manifest_hash: 7cb1ce28a43dbd2477106153c0006d4bad1a7d720d39075a9ae697b070a5f6f3
target: esp32p4
version: 3.0.0
